
Microsoft Visual Studio Solution File, Format Version 12.00
# Visual Studio 2012
Project("{FAE04EC0-301F-11D3-BF4B-00C04F79EFBC}") = "RevealDown.Cmd", "RevealDown.Cmd\RevealDown.Cmd.csproj", "{D2A23D7E-63FB-41E2-89A2-A12970D2FB63}"
EndProject
Project("{FAE04EC0-301F-11D3-BF4B-00C04F79EFBC}") = "RevealDown.Tests", "RevealDown.Tests\RevealDown.Tests.csproj", "{08C3B6A2-2927-431E-B1F4-8CF23EBB0513}"
EndProject
Global
	GlobalSection(SolutionConfigurationPlatforms) = preSolution
		Debug|Any CPU = Debug|Any CPU
		Release|Any CPU = Release|Any CPU
	EndGlobalSection
	GlobalSection(ProjectConfigurationPlatforms) = postSolution
		{D2A23D7E-63FB-41E2-89A2-A12970D2FB63}.Debug|Any CPU.ActiveCfg = Debug|Any CPU
		{D2A23D7E-63FB-41E2-89A2-A12970D2FB63}.Debug|Any CPU.Build.0 = Debug|Any CPU
		{D2A23D7E-63FB-41E2-89A2-A12970D2FB63}.Release|Any CPU.ActiveCfg = Release|Any CPU
		{D2A23D7E-63FB-41E2-89A2-A12970D2FB63}.Release|Any CPU.Build.0 = Release|Any CPU
		{08C3B6A2-2927-431E-B1F4-8CF23EBB0513}.Debug|Any CPU.ActiveCfg = Debug|Any CPU
		{08C3B6A2-2927-431E-B1F4-8CF23EBB0513}.Debug|Any CPU.Build.0 = Debug|Any CPU
		{08C3B6A2-2927-431E-B1F4-8CF23EBB0513}.Release|Any CPU.ActiveCfg = Release|Any CPU
		{08C3B6A2-2927-431E-B1F4-8CF23EBB0513}.Release|Any CPU.Build.0 = Release|Any CPU
	EndGlobalSection
	GlobalSection(SolutionProperties) = preSolution
		HideSolutionNode = FALSE
	EndGlobalSection
EndGlobal
